
Microsoft Visual Studio Solution File, Format Version 12.00
# Visual Studio Version 17
VisualStudioVersion = 17.11.35327.3
MinimumVisualStudioVersion = 10.0.40219.1
Project("{FAE04EC0-301F-11D3-BF4B-00C04F79EFBC}") = "ClothingCustomization", "ClothingCustomization.csproj", "{2B6216FF-8D7D-457B-AE36-48F8D05C60DE}"
EndProject
Global
	GlobalSection(SolutionConfigurationPlatforms) = preSolution
		Debug|Any CPU = Debug|Any CPU
		Release|Any CPU = Release|Any CPU
	EndGlobalSection
	GlobalSection(ProjectConfigurationPlatforms) = postSolution
		{2B6216FF-8D7D-457B-AE36-48F8D05C60DE}.Debug|Any CPU.ActiveCfg = Debug|Any CPU
		{2B6216FF-8D7D-457B-AE36-48F8D05C60DE}.Debug|Any CPU.Build.0 = Debug|Any CPU
		{2B6216FF-8D7D-457B-AE36-48F8D05C60DE}.Release|Any CPU.ActiveCfg = Release|Any CPU
		{2B6216FF-8D7D-457B-AE36-48F8D05C60DE}.Release|Any CPU.Build.0 = Release|Any CPU
	EndGlobalSection
	GlobalSection(SolutionProperties) = preSolution
		HideSolutionNode = FALSE
	EndGlobalSection
	GlobalSection(ExtensibilityGlobals) = postSolution
		SolutionGuid = {9F4EC977-A2E2-4822-B812-E8CE750EADCC}
	EndGlobalSection
EndGlobal
